
Microsoft Visual Studio Solution File, Format Version 12.00
# Visual Studio Version 17
VisualStudioVersion = 17.14.36327.8
MinimumVisualStudioVersion = 10.0.40219.1
Project("{FAE04EC0-301F-11D3-BF4B-00C04F79EFBC}") = "TechChallenge.Application", "src\TechChallenge.Application\TechChallenge.Application.csproj", "{4E37F4CB-E34D-1AF9-85DB-FF1276D6ED51}"
EndProject
Project("{FAE04EC0-301F-11D3-BF4B-00C04F79EFBC}") = "TechChallenge.Infrastructure", "src\TechChallenge.Infrastructure\TechChallenge.Infrastructure.csproj", "{608AFF51-0937-6EB5-AD70-E6E61A878BA3}"
EndProject
Project("{FAE04EC0-301F-11D3-BF4B-00C04F79EFBC}") = "TechChallenge.Domain", "src\TechChallgen.Domain\TechChallenge.Domain.csproj", "{2DED575B-072F-5D5F-CCBC-6B05DE41DCC3}"
EndProject
Project("{FAE04EC0-301F-11D3-BF4B-00C04F79EFBC}") = "TechChallenge.Test", "tests\TechChallenge.Test\TechChallenge.Test.csproj", "{7AD554F7-B164-6473-A278-0BF8EFD6A2A7}"
EndProject
Project("{FAE04EC0-301F-11D3-BF4B-00C04F79EFBC}") = "TechChallenge.API", "src\TechChallgen.API\TechChallenge.API.csproj", "{B51BCB8C-B95A-C223-ECBB-569AA2368F88}"
EndProject
Project("{FAE04EC0-301F-11D3-BF4B-00C04F79EFBC}") = "TechChallenge.Worker", "src\TechChallenge.Worker\TechChallenge.Worker.csproj", "{DFDCEB75-D01B-13B9-D8B2-883230145134}"
EndProject
Global
	GlobalSection(SolutionConfigurationPlatforms) = preSolution
		Debug|Any CPU = Debug|Any CPU
		Release|Any CPU = Release|Any CPU
	EndGlobalSection
	GlobalSection(ProjectConfigurationPlatforms) = postSolution
		{4E37F4CB-E34D-1AF9-85DB-FF1276D6ED51}.Debug|Any CPU.ActiveCfg = Debug|Any CPU
		{4E37F4CB-E34D-1AF9-85DB-FF1276D6ED51}.Debug|Any CPU.Build.0 = Debug|Any CPU
		{4E37F4CB-E34D-1AF9-85DB-FF1276D6ED51}.Release|Any CPU.ActiveCfg = Release|Any CPU
		{4E37F4CB-E34D-1AF9-85DB-FF1276D6ED51}.Release|Any CPU.Build.0 = Release|Any CPU
		{608AFF51-0937-6EB5-AD70-E6E61A878BA3}.Debug|Any CPU.ActiveCfg = Debug|Any CPU
		{608AFF51-0937-6EB5-AD70-E6E61A878BA3}.Debug|Any CPU.Build.0 = Debug|Any CPU
		{608AFF51-0937-6EB5-AD70-E6E61A878BA3}.Release|Any CPU.ActiveCfg = Release|Any CPU
		{608AFF51-0937-6EB5-AD70-E6E61A878BA3}.Release|Any CPU.Build.0 = Release|Any CPU
		{2DED575B-072F-5D5F-CCBC-6B05DE41DCC3}.Debug|Any CPU.ActiveCfg = Debug|Any CPU
		{2DED575B-072F-5D5F-CCBC-6B05DE41DCC3}.Debug|Any CPU.Build.0 = Debug|Any CPU
		{2DED575B-072F-5D5F-CCBC-6B05DE41DCC3}.Release|Any CPU.ActiveCfg = Release|Any CPU
		{2DED575B-072F-5D5F-CCBC-6B05DE41DCC3}.Release|Any CPU.Build.0 = Release|Any CPU
		{7AD554F7-B164-6473-A278-0BF8EFD6A2A7}.Debug|Any CPU.ActiveCfg = Debug|Any CPU
		{7AD554F7-B164-6473-A278-0BF8EFD6A2A7}.Debug|Any CPU.Build.0 = Debug|Any CPU
		{7AD554F7-B164-6473-A278-0BF8EFD6A2A7}.Release|Any CPU.ActiveCfg = Release|Any CPU
		{7AD554F7-B164-6473-A278-0BF8EFD6A2A7}.Release|Any CPU.Build.0 = Release|Any CPU
		{B51BCB8C-B95A-C223-ECBB-569AA2368F88}.Debug|Any CPU.ActiveCfg = Debug|Any CPU
		{B51BCB8C-B95A-C223-ECBB-569AA2368F88}.Debug|Any CPU.Build.0 = Debug|Any CPU
		{B51BCB8C-B95A-C223-ECBB-569AA2368F88}.Release|Any CPU.ActiveCfg = Release|Any CPU
		{B51BCB8C-B95A-C223-ECBB-569AA2368F88}.Release|Any CPU.Build.0 = Release|Any CPU
		{DFDCEB75-D01B-13B9-D8B2-883230145134}.Debug|Any CPU.ActiveCfg = Debug|Any CPU
		{DFDCEB75-D01B-13B9-D8B2-883230145134}.Debug|Any CPU.Build.0 = Debug|Any CPU
		{DFDCEB75-D01B-13B9-D8B2-883230145134}.Release|Any CPU.ActiveCfg = Release|Any CPU
		{DFDCEB75-D01B-13B9-D8B2-883230145134}.Release|Any CPU.Build.0 = Release|Any CPU
	EndGlobalSection
	GlobalSection(SolutionProperties) = preSolution
		HideSolutionNode = FALSE
	EndGlobalSection
	GlobalSection(ExtensibilityGlobals) = postSolution
		SolutionGuid = {4E78FB2C-DB46-4683-8B7F-D88457A338F4}
	EndGlobalSection
EndGlobal
